{
    "_readme": [
        "This file locks the dependencies of your project to a known state",
        "Read more about it at https://getcomposer.org/doc/01-basic-usage.md#composer-lock-the-lock-file",
        "This file is @generated automatically"
    ],
    "content-hash": "7e50cefe27826a24742949497ce78987",
    "packages": [
        {
            "name": "docopt/docopt",
            "version": "1.0.2",
            "source": {
                "type": "git",
                "url": "https://github.com/docopt/docopt.php.git",
                "reference": "d2ee65c2fe4be78f945a48edd02be45843b39423"
            },
            "dist": {
                "type": "zip",
                "url": "https://api.github.com/repos/docopt/docopt.php/zipball/d2ee65c2fe4be78f945a48edd02be45843b39423",
                "reference": "d2ee65c2fe4be78f945a48edd02be45843b39423",
                "shasum": ""
            },
            "require": {
                "php": ">=5.3.0"
            },
            "require-dev": {
                "phpunit/phpunit": "4.1.*"
            },
            "type": "library",
            "autoload": {
                "classmap": [
                    "src/docopt.php"
                ]
            },
            "notification-url": "https://packagist.org/downloads/",
            "license": [
                "MIT"
            ],
            "authors": [
                {
                    "name": "Blake Williams",
                    "email": "code@shabbyrobe.org",
                    "homepage": "http://docopt.org/",
                    "role": "Developer"
                }
            ],
            "description": "Port of Python's docopt for PHP 5.3",
            "homepage": "http://github.com/docopt/docopt.php",
            "keywords": [
                "cli",
                "docs"
            ],
            "time": "2015-10-30T03:21:23+00:00"
        },
        {
            "name": "m1ome/phalcon-datatables",
            "version": "1.1.7",
            "source": {
                "type": "git",
                "url": "https://github.com/m1ome/phalcon-datatables.git",
                "reference": "dfa67667557cb8464b4917bfe2856adb3a0380e4"
            },
            "dist": {
                "type": "zip",
                "url": "https://api.github.com/repos/m1ome/phalcon-datatables/zipball/dfa67667557cb8464b4917bfe2856adb3a0380e4",
                "reference": "dfa67667557cb8464b4917bfe2856adb3a0380e4",
                "shasum": ""
            },
            "require-dev": {
                "crysalead/kahlan": "~1.1",
                "fzaninotto/faker": "1.5.*@dev"
            },
            "type": "library",
            "extra": {
                "branch-alias": {
                    "dev_master": "1.0-dev"
                }
            },
            "autoload": {
                "psr-4": {
                    "DataTables\\": "src/"
                }
            },
            "notification-url": "https://packagist.org/downloads/",
            "license": [
                "MIT"
            ],
            "authors": [
                {
                    "name": "Pavel Makarenko",
                    "email": "cryfall@gmail.com"
                }
            ],
            "description": "DataTables adapter for Phalcon Framework",
            "keywords": [
                "datatables",
                "phalcon",
                "plugin"
            ],
            "time": "2015-11-27T10:13:36+00:00"
        },
        {
            "name": "moderndeveloperllc/phalconlocale",
            "version": "1.0",
            "source": {
                "type": "git",
                "url": "https://bitbucket.org/moderndeveloperllc/phalconlocale.git",
                "reference": "f4415b13fa49283f5f0cff0fa98306bf627da8dd"
            },
            "dist": {
                "type": "zip",
                "url": "https://bitbucket.org/moderndeveloperllc/phalconlocale/get/f4415b13fa49283f5f0cff0fa98306bf627da8dd.zip",
                "reference": "f4415b13fa49283f5f0cff0fa98306bf627da8dd",
                "shasum": ""
            },
            "require": {
                "ext-phalcon": ">=1.2.4",
                "php": ">=5.3.6"
            },
            "type": "library",
            "autoload": {
                "psr-0": {
                    "ModDev\\": "src/"
                }
            },
            "notification-url": "https://packagist.org/downloads/",
            "license": [
                "BSD-3"
            ],
            "authors": [
                {
                    "name": "Mark Garrett",
                    "email": "mark@moderndeveloperllc.com"
                }
            ],
            "description": "Class to determine client locale within Phalcon framework. Also provides locale-based redirection",
            "homepage": "https://bitbucket.org/moderndeveloperllc",
            "keywords": [
                "framework",
                "i18n",
                "l10n",
                "locale",
                "phalcon"
            ],
            "time": "2013-12-27T20:01:53+00:00"
        },
        {
            "name": "mustache/mustache",
            "version": "v2.12.0",
            "source": {
                "type": "git",
                "url": "https://github.com/bobthecow/mustache.php.git",
                "reference": "fe8fe72e9d580591854de404cc59a1b83ca4d19e"
            },
            "dist": {
                "type": "zip",
                "url": "https://api.github.com/repos/bobthecow/mustache.php/zipball/fe8fe72e9d580591854de404cc59a1b83ca4d19e",
                "reference": "fe8fe72e9d580591854de404cc59a1b83ca4d19e",
                "shasum": ""
            },
            "require": {
                "php": ">=5.2.4"
            },
            "require-dev": {
                "friendsofphp/php-cs-fixer": "~1.11",
                "phpunit/phpunit": "~3.7|~4.0|~5.0"
            },
            "type": "library",
            "autoload": {
                "psr-0": {
                    "Mustache": "src/"
                }
            },
            "notification-url": "https://packagist.org/downloads/",
            "license": [
                "MIT"
            ],
            "authors": [
                {
                    "name": "Justin Hileman",
                    "email": "justin@justinhileman.info",
                    "homepage": "http://justinhileman.com"
                }
            ],
            "description": "A Mustache implementation in PHP.",
            "homepage": "https://github.com/bobthecow/mustache.php",
            "keywords": [
                "mustache",
                "templating"
            ],
            "time": "2017-07-11T12:54:05+00:00"
        },
        {
            "name": "phalcon/breadcrumbs",
            "version": "v1.4.0",
            "source": {
                "type": "git",
                "url": "https://github.com/phalcon/breadcrumbs.git",
                "reference": "22179e2a1ad4aa580f98c433717f1c74a6f7d2c3"
            },
            "dist": {
                "type": "zip",
                "url": "https://api.github.com/repos/phalcon/breadcrumbs/zipball/22179e2a1ad4aa580f98c433717f1c74a6f7d2c3",
                "reference": "22179e2a1ad4aa580f98c433717f1c74a6f7d2c3",
                "shasum": ""
            },
            "require": {
                "ext-phalcon": ">=2.0 <4.0",
                "php": ">= 5.5 <8.0"
            },
            "require-dev": {
                "codeception/codeception": "^2.3",
                "codeception/specify": "^0.4",
                "codeception/verify": "^0.3",
                "myclabs/deep-copy": "1.6.*",
                "phpdocumentor/reflection-docblock": "^2.0",
                "phpunit/phpunit": "^4.8",
                "squizlabs/php_codesniffer": "^2.8"
            },
            "type": "library",
            "autoload": {
                "psr-4": {
                    "Phalcon\\": "src/"
                }
            },
            "notification-url": "https://packagist.org/downloads/",
            "license": [
                "BSD-3-Clause"
            ],
            "authors": [
                {
                    "name": "Phalcon Team",
                    "email": "team@phalconphp.com",
                    "homepage": "https://phalconphp.com/en/team"
                },
                {
                    "name": "Contributors",
                    "homepage": "https://github.com/phalcon/breadcrumbs/graphs/contributors"
                }
            ],
            "description": "Powerful and flexible component for building site breadcrumbs in Phalcon 2+.",
            "homepage": "https://github.com/phalcon/breadcrumbs",
            "keywords": [
                "breadcrumbs",
                "crumbs",
                "phalcon"
            ],
            "time": "2018-05-24T11:02:46+00:00"
        },
        {
            "name": "phalcon/dd",
            "version": "1.1.1",
            "source": {
                "type": "git",
                "url": "https://github.com/phalcon/dd.git",
                "reference": "8d65f2e47bd62eb798b9797624c5be2461788812"
            },
            "dist": {
                "type": "zip",
                "url": "https://api.github.com/repos/phalcon/dd/zipball/8d65f2e47bd62eb798b9797624c5be2461788812",
                "reference": "8d65f2e47bd62eb798b9797624c5be2461788812",
                "shasum": ""
            },
            "require": {
                "ext-phalcon": "^3.0",
                "php": "^5.4 || ^7.0"
            },
            "type": "library",
            "autoload": {
                "files": [
                    "src/helper.php"
                ]
            },
            "notification-url": "https://packagist.org/downloads/",
            "license": [
                "BSD-3-Clause"
            ],
            "authors": [
                {
                    "name": "Phalcon Team",
                    "email": "team@phalconphp.com",
                    "homepage": "http://phalconphp.com/en/team"
                },
                {
                    "name": "Contributors",
                    "homepage": "https://github.com/phalcon/dd/graphs/contributors"
                }
            ],
            "description": "This package will add the `dd` and `dump` helpers to your Phalcon application.",
            "homepage": "https://github.com/phalcon/dd",
            "keywords": [
                "VarDumper",
                "dd",
                "debug",
                "dump",
                "phalcon",
                "utils"
            ],
            "time": "2018-08-13T05:27:52+00:00"
        },
        {
            "name": "phalcon/ide-stubs",
            "version": "v3.4.2",
            "source": {
                "type": "git",
                "url": "https://github.com/phalcon/ide-stubs.git",
                "reference": "48e7920621dd2086efe39ab1d52aa9b2e1b8dca0"
            },
            "dist": {
                "type": "zip",
                "url": "https://api.github.com/repos/phalcon/ide-stubs/zipball/48e7920621dd2086efe39ab1d52aa9b2e1b8dca0",
                "reference": "48e7920621dd2086efe39ab1d52aa9b2e1b8dca0",
                "shasum": ""
            },
            "require": {
                "php": ">=5.3.0"
            },
            "type": "library",
            "notification-url": "https://packagist.org/downloads/",
            "license": [
                "BSD-3-Clause"
            ],
            "authors": [
                {
                    "name": "Phalcon Team",
                    "email": "team@phalconphp.com",
                    "homepage": "https://phalconphp.com/en/team"
                },
                {
                    "name": "Contributors",
                    "homepage": "https://github.com/phalcon/ide-stubs/graphs/contributors"
                }
            ],
            "description": "The most complete Phalcon Framework IDE stubs library which enables autocompletion in modern IDEs.",
            "homepage": "https://phalconphp.com",
            "keywords": [
                "Devtools",
                "Eclipse",
                "autocomplete",
                "ide",
                "netbeans",
                "phalcon",
                "phpstorm",
                "stub",
                "stubs"
            ],
            "time": "2018-09-18T18:54:45+00:00"
        },
        {
            "name": "phalcon/incubator",
            "version": "v3.4.2",
            "source": {
                "type": "git",
                "url": "https://github.com/phalcon/incubator.git",
                "reference": "6bda166c5494b6e0aa3e74edd1473b0da3e4b8da"
            },
            "dist": {
                "type": "zip",
                "url": "https://api.github.com/repos/phalcon/incubator/zipball/6bda166c5494b6e0aa3e74edd1473b0da3e4b8da",
                "reference": "6bda166c5494b6e0aa3e74edd1473b0da3e4b8da",
                "shasum": ""
            },
            "require": {
                "ext-phalcon": "~3.3",
                "php": ">=5.5",
                "swiftmailer/swiftmailer": "~5.2",
                "twig/twig": "~1.35|~2.0"
            },
            "require-dev": {
                "codeception/aerospike-module": "^1.0",
                "codeception/codeception": "2.3.6",
                "codeception/mockery-module": "0.2.2",
                "codeception/specify": "^0.4",
                "codeception/verify": "^0.3",
                "doctrine/instantiator": "1.0.5",
                "phalcon/dd": "^1.1",
                "phpdocumentor/reflection-docblock": "2.0.4",
                "phpunit/phpunit": "^4.8",
                "squizlabs/php_codesniffer": "^2.9",
                "vlucas/phpdotenv": "^2.4"
            },
            "suggest": {
                "duncan3dc/fork-helper": "To use extended class to access the beanstalk queue service",
                "ext-aerospike": "*",
                "phalcon/ide-stubs": "Phalcon IDE Stubs",
                "sergeyklay/aerospike-php-stubs": "The most complete Aerospike PHP stubs which allows autocomplete in modern IDEs"
            },
            "type": "library",
            "autoload": {
                "psr-4": {
                    "Phalcon\\": "Library/Phalcon/"
                }
            },
            "notification-url": "https://packagist.org/downloads/",
            "license": [
                "BSD-3-Clause"
            ],
            "authors": [
                {
                    "name": "Phalcon Team",
                    "email": "team@phalconphp.com",
                    "homepage": "https://phalconphp.com/en/team"
                },
                {
                    "name": "Contributors",
                    "homepage": "https://github.com/phalcon/incubator/graphs/contributors"
                }
            ],
            "description": "Adapters, prototypes or functionality that can be potentially incorporated to the C-framework.",
            "homepage": "https://phalconphp.com",
            "keywords": [
                "framework",
                "incubator",
                "phalcon"
            ],
            "time": "2018-11-16T13:04:02+00:00"
        },
        {
            "name": "smarty/smarty",
            "version": "v3.1.33",
            "source": {
                "type": "git",
                "url": "https://github.com/smarty-php/smarty.git",
                "reference": "dd55b23121e55a3b4f1af90a707a6c4e5969530f"
            },
            "dist": {
                "type": "zip",
                "url": "https://api.github.com/repos/smarty-php/smarty/zipball/dd55b23121e55a3b4f1af90a707a6c4e5969530f",
                "reference": "dd55b23121e55a3b4f1af90a707a6c4e5969530f",
                "shasum": ""
            },
            "require": {
                "php": ">=5.2"
            },
            "type": "library",
            "extra": {
                "branch-alias": {
                    "dev-master": "3.1.x-dev"
                }
            },
            "autoload": {
                "files": [
                    "libs/bootstrap.php"
                ]
            },
            "notification-url": "https://packagist.org/downloads/",
            "license": [
                "LGPL-3.0"
            ],
            "authors": [
                {
                    "name": "Monte Ohrt",
                    "email": "monte@ohrt.com"
                },
                {
                    "name": "Uwe Tews",
                    "email": "uwe.tews@googlemail.com"
                },
                {
                    "name": "Rodney Rehm",
                    "email": "rodney.rehm@medialize.de"
                }
            ],
            "description": "Smarty - the compiling PHP template engine",
            "homepage": "http://www.smarty.net",
            "keywords": [
                "templating"
            ],
            "time": "2018-09-12T20:54:16+00:00"
        },
        {
            "name": "swiftmailer/swiftmailer",
            "version": "v5.4.12",
            "source": {
                "type": "git",
                "url": "https://github.com/swiftmailer/swiftmailer.git",
                "reference": "181b89f18a90f8925ef805f950d47a7190e9b950"
            },
            "dist": {
                "type": "zip",
                "url": "https://api.github.com/repos/swiftmailer/swiftmailer/zipball/181b89f18a90f8925ef805f950d47a7190e9b950",
                "reference": "181b89f18a90f8925ef805f950d47a7190e9b950",
                "shasum": ""
            },
            "require": {
                "php": ">=5.3.3"
            },
            "require-dev": {
                "mockery/mockery": "~0.9.1",
                "symfony/phpunit-bridge": "~3.2"
            },
            "type": "library",
            "extra": {
                "branch-alias": {
                    "dev-master": "5.4-dev"
                }
            },
            "autoload": {
                "files": [
                    "lib/swift_required.php"
                ]
            },
            "notification-url": "https://packagist.org/downloads/",
            "license": [
                "MIT"
            ],
            "authors": [
                {
                    "name": "Chris Corbyn"
                },
                {
                    "name": "Fabien Potencier",
                    "email": "fabien@symfony.com"
                }
            ],
            "description": "Swiftmailer, free feature-rich PHP mailer",
            "homepage": "https://swiftmailer.symfony.com",
            "keywords": [
                "email",
                "mail",
                "mailer"
            ],
            "time": "2018-07-31T09:26:32+00:00"
        },
        {
            "name": "symfony/polyfill-ctype",
            "version": "v1.10.0",
            "source": {
                "type": "git",
                "url": "https://github.com/symfony/polyfill-ctype.git",
                "reference": "e3d826245268269cd66f8326bd8bc066687b4a19"
            },
            "dist": {
                "type": "zip",
                "url": "https://api.github.com/repos/symfony/polyfill-ctype/zipball/e3d826245268269cd66f8326bd8bc066687b4a19",
                "reference": "e3d826245268269cd66f8326bd8bc066687b4a19",
                "shasum": ""
            },
            "require": {
                "php": ">=5.3.3"
            },
            "suggest": {
                "ext-ctype": "For best performance"
            },
            "type": "library",
            "extra": {
                "branch-alias": {
                    "dev-master": "1.9-dev"
                }
            },
            "autoload": {
                "psr-4": {
                    "Symfony\\Polyfill\\Ctype\\": ""
                },
                "files": [
                    "bootstrap.php"
                ]
            },
            "notification-url": "https://packagist.org/downloads/",
            "license": [
                "MIT"
            ],
            "authors": [
                {
                    "name": "Symfony Community",
                    "homepage": "https://symfony.com/contributors"
                },
                {
                    "name": "Gert de Pagter",
                    "email": "BackEndTea@gmail.com"
                }
            ],
            "description": "Symfony polyfill for ctype functions",
            "homepage": "https://symfony.com",
            "keywords": [
                "compatibility",
                "ctype",
                "polyfill",
                "portable"
            ],
            "time": "2018-08-06T14:22:27+00:00"
        },
        {
            "name": "symfony/polyfill-mbstring",
            "version": "v1.10.0",
            "source": {
                "type": "git",
                "url": "https://github.com/symfony/polyfill-mbstring.git",
                "reference": "c79c051f5b3a46be09205c73b80b346e4153e494"
            },
            "dist": {
                "type": "zip",
                "url": "https://api.github.com/repos/symfony/polyfill-mbstring/zipball/c79c051f5b3a46be09205c73b80b346e4153e494",
                "reference": "c79c051f5b3a46be09205c73b80b346e4153e494",
                "shasum": ""
            },
            "require": {
                "php": ">=5.3.3"
            },
            "suggest": {
                "ext-mbstring": "For best performance"
            },
            "type": "library",
            "extra": {
                "branch-alias": {
                    "dev-master": "1.9-dev"
                }
            },
            "autoload": {
                "psr-4": {
                    "Symfony\\Polyfill\\Mbstring\\": ""
                },
                "files": [
                    "bootstrap.php"
                ]
            },
            "notification-url": "https://packagist.org/downloads/",
            "license": [
                "MIT"
            ],
            "authors": [
                {
                    "name": "Nicolas Grekas",
                    "email": "p@tchwork.com"
                },
                {
                    "name": "Symfony Community",
                    "homepage": "https://symfony.com/contributors"
                }
            ],
            "description": "Symfony polyfill for the Mbstring extension",
            "homepage": "https://symfony.com",
            "keywords": [
                "compatibility",
                "mbstring",
                "polyfill",
                "portable",
                "shim"
            ],
            "time": "2018-09-21T13:07:52+00:00"
        },
        {
            "name": "twig/twig",
            "version": "v2.5.0",
            "source": {
                "type": "git",
                "url": "https://github.com/twigphp/Twig.git",
                "reference": "6a5f676b77a90823c2d4eaf76137b771adf31323"
            },
            "dist": {
                "type": "zip",
                "url": "https://api.github.com/repos/twigphp/Twig/zipball/6a5f676b77a90823c2d4eaf76137b771adf31323",
                "reference": "6a5f676b77a90823c2d4eaf76137b771adf31323",
                "shasum": ""
            },
            "require": {
                "php": "^7.0",
                "symfony/polyfill-ctype": "^1.8",
                "symfony/polyfill-mbstring": "~1.0"
            },
            "require-dev": {
                "psr/container": "^1.0",
                "symfony/debug": "^2.7",
                "symfony/phpunit-bridge": "^3.3"
            },
            "type": "library",
            "extra": {
                "branch-alias": {
                    "dev-master": "2.5-dev"
                }
            },
            "autoload": {
                "psr-0": {
                    "Twig_": "lib/"
                },
                "psr-4": {
                    "Twig\\": "src/"
                }
            },
            "notification-url": "https://packagist.org/downloads/",
            "license": [
                "BSD-3-Clause"
            ],
            "authors": [
                {
                    "name": "Fabien Potencier",
                    "email": "fabien@symfony.com",
                    "homepage": "http://fabien.potencier.org",
                    "role": "Lead Developer"
                },
                {
                    "name": "Armin Ronacher",
                    "email": "armin.ronacher@active-4.com",
                    "role": "Project Founder"
                },
                {
                    "name": "Twig Team",
                    "homepage": "https://twig.symfony.com/contributors",
                    "role": "Contributors"
                }
            ],
            "description": "Twig, the flexible, fast, and secure template language for PHP",
            "homepage": "https://twig.symfony.com",
            "keywords": [
                "templating"
            ],
            "time": "2018-07-13T07:18:09+00:00"
        },
        {
            "name": "vlucas/phpdotenv",
            "version": "v2.5.1",
            "source": {
                "type": "git",
                "url": "https://github.com/vlucas/phpdotenv.git",
                "reference": "8abb4f9aa89ddea9d52112c65bbe8d0125e2fa8e"
            },
            "dist": {
                "type": "zip",
                "url": "https://api.github.com/repos/vlucas/phpdotenv/zipball/8abb4f9aa89ddea9d52112c65bbe8d0125e2fa8e",
                "reference": "8abb4f9aa89ddea9d52112c65bbe8d0125e2fa8e",
                "shasum": ""
            },
            "require": {
                "php": ">=5.3.9"
            },
            "require-dev": {
                "phpunit/phpunit": "^4.8.35 || ^5.0"
            },
            "type": "library",
            "extra": {
                "branch-alias": {
                    "dev-master": "2.5-dev"
                }
            },
            "autoload": {
                "psr-4": {
                    "Dotenv\\": "src/"
                }
            },
            "notification-url": "https://packagist.org/downloads/",
            "license": [
                "BSD-3-Clause"
            ],
            "authors": [
                {
                    "name": "Vance Lucas",
                    "email": "vance@vancelucas.com",
                    "homepage": "http://www.vancelucas.com"
                }
            ],
            "description": "Loads environment variables from `.env` to `getenv()`, `$_ENV` and `$_SERVER` automagically.",
            "keywords": [
                "dotenv",
                "env",
                "environment"
            ],
            "time": "2018-07-29T20:33:41+00:00"
        },
        {
            "name": "zemit-official/cms-core",
            "version": "0.1.1",
            "source": {
                "type": "git",
                "url": "https://github.com/zemit-official/cms-core.git",
                "reference": "99b57086429f1ec239e4a999505db5787be3255d"
            },
            "dist": {
                "type": "zip",
                "url": "https://api.github.com/repos/zemit-official/cms-core/zipball/99b57086429f1ec239e4a999505db5787be3255d",
                "reference": "99b57086429f1ec239e4a999505db5787be3255d",
                "shasum": ""
            },
            "require": {
                "docopt/docopt": "~1.0",
                "ext-phalcon": "~3.2",
                "m1ome/phalcon-datatables": "^1.1",
                "moderndeveloperllc/phalconlocale": "1.0.*",
                "mustache/mustache": "^2.12",
                "phalcon/breadcrumbs": "^1.3",
                "phalcon/dd": "^1.1",
                "phalcon/ide-stubs": "~3.2",
                "phalcon/incubator": "^3.2",
                "php": ">=7.0",
                "smarty/smarty": "^3.1",
                "twig/twig": "^2.4",
                "vlucas/phpdotenv": "^2.4"
            },
            "require-dev": {
                "codeception/codeception": "^2.2",
                "fabfuel/prophiler": "^1.6",
                "mockery/mockery": "^1.0",
                "phalcon/devtools": "^3.2",
                "phalcon/ide-stubs": "^3.2",
                "phpspec/phpspec": "~2.1",
                "phpunit/phpunit": "^4.8",
                "snowair/phalcon-debugbar": "^1.2",
                "squizlabs/php_codesniffer": "~2.7"
            },
            "type": "library",
            "autoload": {
                "psr-4": {
                    "Zemit\\Core\\": "src/"
                }
            },
            "notification-url": "https://packagist.org/downloads/",
            "license": [
                "MIT"
            ],
            "authors": [
                {
                    "name": "Zemit Team",
                    "email": "contact@zemit.com",
                    "homepage": "https://www.zemit.com/team"
                },
                {
                    "name": "Julien Turbide",
                    "email": "contact@jturbide.com",
                    "homepage": "https://www.jturbide.com/"
                },
                {
                    "name": "Contributors",
                    "homepage": "https://github.com/zemit-official/cms-core/graphs/contributors"
                }
            ],
            "description": "Pilot your content with golden wings. Zemit, a content-management system built on top of PhalconPHP and AngularJS.",
            "homepage": "https://www.zemit.com",
            "keywords": [
                "CMS-Core",
                "cms",
                "framework",
                "phalcon",
                "zemit",
                "zemit-official"
            ],
            "time": "2018-11-18T20:30:02+00:00"
        }
    ],
    "packages-dev": [],
    "aliases": [],
    "minimum-stability": "stable",
    "stability-flags": [],
    "prefer-stable": false,
    "prefer-lowest": false,
    "platform": [],
    "platform-dev": []
}
